
Microsoft Visual Studio Solution File, Format Version 12.00
# Visual Studio Version 16
VisualStudioVersion = 16.0.31205.134
MinimumVisualStudioVersion = 10.0.40219.1
Project("{FAE04EC0-301F-11D3-BF4B-00C04F79EFBC}") = "ExplodingATE", "ExplodingATE\ExplodingATE.csproj", "{19B7DBA8-74D0-450A-88D8-D89AFC0FE45B}"
EndProject
Global
	GlobalSection(SolutionConfigurationPlatforms) = preSolution
		Debug|Any CPU = Debug|Any CPU
		Release|Any CPU = Release|Any CPU
	EndGlobalSection
	GlobalSection(ProjectConfigurationPlatforms) = postSolution
		{19B7DBA8-74D0-450A-88D8-D89AFC0FE45B}.Debug|Any CPU.ActiveCfg = Debug|Any CPU
		{19B7DBA8-74D0-450A-88D8-D89AFC0FE45B}.Debug|Any CPU.Build.0 = Debug|Any CPU
		{19B7DBA8-74D0-450A-88D8-D89AFC0FE45B}.Release|Any CPU.ActiveCfg = Release|Any CPU
		{19B7DBA8-74D0-450A-88D8-D89AFC0FE45B}.Release|Any CPU.Build.0 = Release|Any CPU
	EndGlobalSection
	GlobalSection(SolutionProperties) = preSolution
		HideSolutionNode = FALSE
	EndGlobalSection
	GlobalSection(ExtensibilityGlobals) = postSolution
		SolutionGuid = {8F541695-BFDF-44F2-AD06-70725013DB56}
	EndGlobalSection
EndGlobal
